
Microsoft Visual Studio Solution File, Format Version 12.00
# Visual Studio 15
Project("{FAE04EC0-301F-11D3-BF4B-00C04F79EFBC}") = "Assembly-CSharp", "Assembly-CSharp.csproj", "{A3149FC0-B5A7-04E8-3546-4CC499062585}"
EndProject
Project("{FAE04EC0-301F-11D3-BF4B-00C04F79EFBC}") = "Assembly-CSharp-Editor", "Assembly-CSharp-Editor.csproj", "{EC40FD64-9FF6-1290-355D-08EA03E78483}"
EndProject
Global
	GlobalSection(SolutionConfigurationPlatforms) = preSolution
		Debug|Any CPU = Debug|Any CPU
		Release|Any CPU = Release|Any CPU
	EndGlobalSection
	GlobalSection(ProjectConfigurationPlatforms) = postSolution
		{A3149FC0-B5A7-04E8-3546-4CC499062585}.Debug|Any CPU.ActiveCfg = Debug|Any CPU
		{A3149FC0-B5A7-04E8-3546-4CC499062585}.Debug|Any CPU.Build.0 = Debug|Any CPU
		{A3149FC0-B5A7-04E8-3546-4CC499062585}.Release|Any CPU.ActiveCfg = Release|Any CPU
		{A3149FC0-B5A7-04E8-3546-4CC499062585}.Release|Any CPU.Build.0 = Release|Any CPU
		{EC40FD64-9FF6-1290-355D-08EA03E78483}.Debug|Any CPU.ActiveCfg = Debug|Any CPU
		{EC40FD64-9FF6-1290-355D-08EA03E78483}.Debug|Any CPU.Build.0 = Debug|Any CPU
		{EC40FD64-9FF6-1290-355D-08EA03E78483}.Release|Any CPU.ActiveCfg = Release|Any CPU
		{EC40FD64-9FF6-1290-355D-08EA03E78483}.Release|Any CPU.Build.0 = Release|Any CPU
	EndGlobalSection
	GlobalSection(SolutionProperties) = preSolution
		HideSolutionNode = FALSE
	EndGlobalSection
EndGlobal
