
Microsoft Visual Studio Solution File, Format Version 11.00
# Visual Studio 2010
Project("{FAE04EC0-301F-11D3-BF4B-00C04F79EFBC}") = "Assembly-CSharp", "Assembly-CSharp.csproj", "{c09f14a3-a7b5-e804-3546-4cc499062585}"
EndProject
Project("{FAE04EC0-301F-11D3-BF4B-00C04F79EFBC}") = "Assembly-CSharp-Editor", "Assembly-CSharp-Editor.csproj", "{64fd40ec-f69f-9012-355d-08ea03e78483}"
EndProject
Global
	GlobalSection(SolutionConfigurationPlatforms) = preSolution
		Debug|Any CPU = Debug|Any CPU
	EndGlobalSection
	GlobalSection(ProjectConfigurationPlatforms) = postSolution
		{c09f14a3-a7b5-e804-3546-4cc499062585}.Debug|Any CPU.ActiveCfg = Debug|Any CPU
		{c09f14a3-a7b5-e804-3546-4cc499062585}.Debug|Any CPU.Build.0 = Debug|Any CPU
		{64fd40ec-f69f-9012-355d-08ea03e78483}.Debug|Any CPU.ActiveCfg = Debug|Any CPU
		{64fd40ec-f69f-9012-355d-08ea03e78483}.Debug|Any CPU.Build.0 = Debug|Any CPU
	EndGlobalSection
	GlobalSection(SolutionProperties) = preSolution
		HideSolutionNode = FALSE
	EndGlobalSection
EndGlobal
